<?xml version="1.0" encoding="utf-8"?>
<Project ToolsVersion="4.0" xmlns="http://schemas.microsoft.com/developer/msbuild/2003">
  <ItemGroup>
    <Filter Include="Resource Files">
      <UniqueIdentifier>{67DA6AB6-F800-4c08-8B7A-83BB121AAD01}</UniqueIdentifier>
      <Extensions>rc;ico;cur;bmp;dlg;rc2;rct;bin;rgs;gif;jpg;jpeg;jpe;resx;tiff;tif;png;wav;mfcribbon-ms</Extensions>
    </Filter>
    <Filter Include="OGR Interface">
      <UniqueIdentifier>{f176d5df-dfba-49f6-aa7a-39bb4ee345ab}</UniqueIdentifier>
    </Filter>
    <Filter Include="MVC">
      <UniqueIdentifier>{93995380-89BD-4b04-88EB-625FBE52EBFB}</UniqueIdentifier>
      <Extensions>h;hh;hpp;hxx;hm;inl;inc;xsd</Extensions>
    </Filter>
    <Filter Include="MVC\Model">
      <UniqueIdentifier>{3352a513-58df-46a8-a950-cc53fd13efe3}</UniqueIdentifier>
    </Filter>
    <Filter Include="MVC\View">
      <UniqueIdentifier>{e81543f5-0b13-43aa-8344-351215f69f76}</UniqueIdentifier>
    </Filter>
    <Filter Include="MVC\Controller">
      <UniqueIdentifier>{b8cf5a5e-beaf-4351-b17f-2ffc83aea61c}</UniqueIdentifier>
    </Filter>
    <Filter Include="Win32Helper">
      <UniqueIdentifier>{07f63e09-d2c2-4461-966e-3e6d04f3d1e5}</UniqueIdentifier>
    </Filter>
    <Filter Include="Main">
      <UniqueIdentifier>{4FC737F1-C7A5-4376-A066-2A32D752A2FF}</UniqueIdentifier>
      <Extensions>cpp;c;cc;cxx;def;odl;idl;hpj;bat;asm;asmx</Extensions>
    </Filter>
    <Filter Include="MVC\Model\Placefile Model">
      <UniqueIdentifier>{5e6064fa-06b8-4bc2-9388-7067737646df}</UniqueIdentifier>
    </Filter>
  </ItemGroup>
  <ItemGroup>
    <ClCompile Include="main.cpp">
      <Filter>Main</Filter>
    </ClCompile>
    <ClCompile Include="PFBApp.cpp">
      <Filter>Main</Filter>
    </ClCompile>
    <ClCompile Include="..\src\Feature.cpp">
      <Filter>MVC\Model\Placefile Model</Filter>
    </ClCompile>
    <ClCompile Include="..\src\LineFeature.cpp">
      <Filter>MVC\Model\Placefile Model</Filter>
    </ClCompile>
    <ClCompile Include="..\src\RangeRing.cpp">
      <Filter>MVC\Model\Placefile Model</Filter>
    </ClCompile>
    <ClCompile Include="..\src\PolygonFeature.cpp">
      <Filter>MVC\Model\Placefile Model</Filter>
    </ClCompile>
    <ClCompile Include="..\src\PointFeature.cpp">
      <Filter>MVC\Model\Placefile Model</Filter>
    </ClCompile>
    <ClCompile Include="..\src\PlaceFileColor.cpp">
      <Filter>MVC\Model\Placefile Model</Filter>
    </ClCompile>
    <ClCompile Include="..\src\PlaceFile.cpp">
      <Filter>MVC\Model\Placefile Model</Filter>
    </ClCompile>
    <ClCompile Include="..\src\AppModel.cpp">
      <Filter>MVC\Model</Filter>
    </ClCompile>
    <ClCompile Include="MainWindow.cpp">
      <Filter>MVC\View</Filter>
    </ClCompile>
    <ClCompile Include="Layouts.cpp">
      <Filter>Win32Helper</Filter>
    </ClCompile>
    <ClCompile Include="..\src\OGR_RangeRing.cpp">
      <Filter>OGR Interface</Filter>
    </ClCompile>
  </ItemGroup>
  <ItemGroup>
    <ClInclude Include="..\src\OGRDataSourceWrapper.hpp">
      <Filter>OGR Interface</Filter>
    </ClInclude>
    <ClInclude Include="..\src\OGRFeatureWrapper.hpp">
      <Filter>OGR Interface</Filter>
    </ClInclude>
    <ClInclude Include="..\src\Feature.hpp">
      <Filter>MVC\Model\Placefile Model</Filter>
    </ClInclude>
    <ClInclude Include="..\src\LineFeature.hpp">
      <Filter>MVC\Model\Placefile Model</Filter>
    </ClInclude>
    <ClInclude Include="..\src\PlaceFile.hpp">
      <Filter>MVC\Model\Placefile Model</Filter>
    </ClInclude>
    <ClInclude Include="..\src\PlaceFileColor.hpp">
      <Filter>MVC\Model\Placefile Model</Filter>
    </ClInclude>
    <ClInclude Include="..\src\PointFeature.hpp">
      <Filter>MVC\Model\Placefile Model</Filter>
    </ClInclude>
    <ClInclude Include="..\src\PolygonFeature.hpp">
      <Filter>MVC\Model\Placefile Model</Filter>
    </ClInclude>
    <ClInclude Include="..\src\RangeRing.hpp">
      <Filter>MVC\Model\Placefile Model</Filter>
    </ClInclude>
    <ClInclude Include="..\src\AppModel.hpp">
      <Filter>MVC\Model</Filter>
    </ClInclude>
    <ClInclude Include="MainWindow.hpp">
      <Filter>MVC\View</Filter>
    </ClInclude>
    <ClInclude Include="PFBApp.hpp">
      <Filter>Main</Filter>
    </ClInclude>
    <ClInclude Include="resource.h">
      <Filter>Main</Filter>
    </ClInclude>
    <ClInclude Include="..\src\OFileWrapper.hpp">
      <Filter>Win32Helper</Filter>
    </ClInclude>
    <ClInclude Include="Layouts.hpp">
      <Filter>Win32Helper</Filter>
    </ClInclude>
    <ClInclude Include="..\src\point.hpp">
      <Filter>MVC\Model</Filter>
    </ClInclude>
    <ClInclude Include="..\src\OGR_RangeRing.hpp">
      <Filter>OGR Interface</Filter>
    </ClInclude>
  </ItemGroup>
  <ItemGroup>
    <Image Include="..\res\pfbicon.ico">
      <Filter>Resource Files</Filter>
    </Image>
  </ItemGroup>
  <ItemGroup>
    <ResourceCompile Include="PlaceFileBuilderGUI.rc">
      <Filter>Resource Files</Filter>
    </ResourceCompile>
  </ItemGroup>
</Project>